{
  "version": 4,
  "terraform_version": "0.12.24",
  "serial": 7,
  "lineage": "481f2c43-36d9-912c-5683-cf5780d4879c",
  "outputs": {},
  "resources": [
    {
      "mode": "managed",
      "type": "google_container_cluster",
      "name": "primary",
      "provider": "provider.google",
      "instances": [
        {
          "schema_version": 1,
          "attributes": {
            "additional_zones": [],
            "addons_config": [
              {
                "horizontal_pod_autoscaling": [
                  {
                    "disabled": false
                  }
                ],
                "http_load_balancing": [
                  {
                    "disabled": false
                  }
                ],
                "kubernetes_dashboard": [],
                "network_policy_config": [
                  {
                    "disabled": true
                  }
                ]
              }
            ],
            "authenticator_groups_config": [],
            "cluster_autoscaling": [
              {
                "auto_provisioning_defaults": [],
                "enabled": false,
                "resource_limits": []
              }
            ],
            "cluster_ipv4_cidr": "10.16.0.0/14",
            "default_max_pods_per_node": 8,
            "description": "",
            "enable_binary_authorization": false,
            "enable_intranode_visibility": null,
            "enable_kubernetes_alpha": false,
            "enable_legacy_abac": false,
            "enable_tpu": null,
            "endpoint": "34.71.240.132",
            "id": "projects/securethebox-server/locations/us-central1/clusters/my-gke-cluster",
            "initial_node_count": 1,
            "instance_group_urls": [],
            "ip_allocation_policy": [
              {
                "cluster_ipv4_cidr_block": "10.16.0.0/14",
                "cluster_secondary_range_name": "gke-my-gke-cluster-pods-4f23b65f",
                "node_ipv4_cidr_block": "",
                "services_ipv4_cidr_block": "10.0.0.0/20",
                "services_secondary_range_name": "gke-my-gke-cluster-services-4f23b65f",
                "subnetwork_name": ""
              }
            ],
            "label_fingerprint": "a9dc16a7",
            "location": "us-central1",
            "logging_service": "logging.googleapis.com/kubernetes",
            "maintenance_policy": [],
            "master_auth": [
              {
                "client_certificate": "",
                "client_certificate_config": [
                  {
                    "issue_client_certificate": false
                  }
                ],
                "client_key": "",
                "cluster_ca_certificate": "LS0tLS1CRUdJTiBDRVJUSUZJQ0FURS0tLS0tCk1JSURERENDQWZTZ0F3SUJBZ0lSQUtVTytkVEtpS1RmTTdnSXBXYURzSVl3RFFZSktvWklodmNOQVFFTEJRQXcKTHpFdE1Dc0dBMVVFQXhNa01qa3dOR0U1TTJJdE5HWmpNaTAwWXpZekxXSTJZMlV0WXpRM056RTFNall4TURJdwpNQjRYRFRJd01EUXlNekExTlRJME5Wb1hEVEkxTURReU1qQTJOVEkwTlZvd0x6RXRNQ3NHQTFVRUF4TWtNamt3Ck5HRTVNMkl0Tkdaak1pMDBZell6TFdJMlkyVXRZelEzTnpFMU1qWXhNREl3TUlJQklqQU5CZ2txaGtpRzl3MEIKQVFFRkFBT0NBUThBTUlJQkNnS0NBUUVBdnNSeldRT3l3Zy9GQnNIYkNkbktBRnYyR0FiU0JoTWhFSTdwNnRORwoxVkxWV3FBaFhlaDlpQVlrb0RVVnBtSXlzUXUvTGlHK0Jnd2hpZG1mbUJqR3FxZVlJQThqa0tnR3hVU2E3RTRVCk9qUUFPMlFCOCtlUnRyTUZyL0VFYjF0KzUzd2huT1liM1NRTVMzZlYyUlBLODgzUklhTThRVm9NY1hnS3orQkwKUUMxWkJxbFdWS2k0MkxEd2FxeGdzbWJzLzZPTmFGOXRmRXlISkxmMWw4REExVHpOOU1GajVZSkxRM01jNHdBbgphVmdrb1ZWQ1ZvZFFlaS9GMm1oVVpNazFsV0RIQmpzdE5FYzZrTmFrUGVZdVFxOGVkUTNac3IweVJuSThwTXM5CmFxYkJiME9TRmpQUkpZQ2JEK2Y1STVUeDI4VGxEYzNlSVB2UmNkaDhVLzhFK3dJREFRQUJveU13SVRBT0JnTlYKSFE4QkFmOEVCQU1DQWdRd0R3WURWUjBUQVFIL0JBVXdBd0VCL3pBTkJna3Foa2lHOXcwQkFRc0ZBQU9DQVFFQQpMMlo5bnRVTWJsdzAwa3EzTEtKN2x1dlh6dUJBVHUyZVIxRFQyeU5GZkt2RjVQcnU0OXpCVEFLSjZQdlA5Vk1xCkkySjF3TWM1NjMyaXRwNEFyenFiWUNHeDMvakttaUVBSXFHOStDbnhDczlSQVEzUVVFSGNYUkorV2xPRlFldFYKM0VnY2xVc1pNTmd1MEpsbVVDcGdoU1VMRVczSzM5N0lZUFdRVkpkeFB3MG1ZeVBQdHJhbS9ncFlHYW15TmJmRQowdTlZTXphc1k2SkJ1NGNJUnFzbHFiK09yMnRPR0JvcGlpNzZhTFBsU0FCVFNIWHRiektSbFpmZk0xSStXY1p4CjRsUkhGTnErVFNNOFNxYWRkK3owbWlTUVJvczNGdjRkN1ZLU1g5TytIUzFUejRFV3FQeGNsSlBjb01DRVBiNkMKRXlzTzFRekZBeWgwQ0hUVXRTNzh0dz09Ci0tLS0tRU5EIENFUlRJRklDQVRFLS0tLS0K",
                "password": "",
                "username": ""
              }
            ],
            "master_authorized_networks_config": [],
            "master_version": "1.14.10-gke.27",
            "min_master_version": null,
            "monitoring_service": "monitoring.googleapis.com/kubernetes",
            "name": "my-gke-cluster",
            "network": "projects/securethebox-server/global/networks/default",
            "network_policy": [
              {
                "enabled": false,
                "provider": "PROVIDER_UNSPECIFIED"
              }
            ],
            "node_config": [],
            "node_locations": [
              "us-central1-a",
              "us-central1-c",
              "us-central1-f"
            ],
            "node_pool": [],
            "node_version": "1.14.10-gke.27",
            "operation": null,
            "pod_security_policy_config": null,
            "private_cluster_config": [],
            "project": "securethebox-server",
            "region": null,
            "remove_default_node_pool": true,
            "resource_labels": null,
            "resource_usage_export_config": [],
            "services_ipv4_cidr": "10.0.0.0/20",
            "subnetwork": "projects/securethebox-server/regions/us-central1/subnetworks/default",
            "timeouts": null,
            "vertical_pod_autoscaling": [],
            "zone": null
          },
          "private": "eyJlMmJmYjczMC1lY2FhLTExZTYtOGY4OC0zNDM2M2JjN2M0YzAiOnsiY3JlYXRlIjoyNDAwMDAwMDAwMDAwLCJkZWxldGUiOjI0MDAwMDAwMDAwMDAsInVwZGF0ZSI6MzYwMDAwMDAwMDAwMH0sInNjaGVtYV92ZXJzaW9uIjoiMSJ9"
        }
      ]
    }
  ]
}
